// !$*UTF8*$!
{
	archiveVersion = 1;
	classes = {
	};
	objectVersion = 56;
	objects = {

/* Begin PBXBuildFile section */
		DA728F092A24B994004166DD /* CalendarViewController.swift in Sources */ = {isa = PBXBuildFile; fileRef = DA728F082A24B994004166DD /* CalendarViewController.swift */; };
		DA728F0C2A24BA67004166DD /* CalendarKit in Frameworks */ = {isa = PBXBuildFile; productRef = DA728F0B2A24BA67004166DD /* CalendarKit */; };
		DA728F0E2A24BAA1004166DD /* EKWrapper.swift in Sources */ = {isa = PBXBuildFile; fileRef = DA728F0D2A24BAA1004166DD /* EKWrapper.swift */; };
		DA8C083A2A00C8A700A57953 /* AppDelegate.swift in Sources */ = {isa = PBXBuildFile; fileRef = DA8C08392A00C8A700A57953 /* AppDelegate.swift */; };
		DA8C083C2A00C8A700A57953 /* SceneDelegate.swift in Sources */ = {isa = PBXBuildFile; fileRef = DA8C083B2A00C8A700A57953 /* SceneDelegate.swift */; };
		DA8C083E2A00C8A700A57953 /* ViewController.swift in Sources */ = {isa = PBXBuildFile; fileRef = DA8C083D2A00C8A700A57953 /* ViewController.swift */; };
		DA8C08412A00C8A700A57953 /* Main.storyboard in Resources */ = {isa = PBXBuildFile; fileRef = DA8C083F2A00C8A700A57953 /* Main.storyboard */; };
		DA8C08432A00C8A800A57953 /* Assets.xcassets in Resources */ = {isa = PBXBuildFile; fileRef = DA8C08422A00C8A800A57953 /* Assets.xcassets */; };
		DA9B21BA2A1F7A2E0057B09A /* TestViewController.swift in Sources */ = {isa = PBXBuildFile; fileRef = DA9B21B92A1F7A2E0057B09A /* TestViewController.swift */; };
		DAD5BD3D2A1DE78D009FD61C /* GoogleService-Info.plist in Resources */ = {isa = PBXBuildFile; fileRef = DAD5BD3C2A1DE78D009FD61C /* GoogleService-Info.plist */; };
		DAD5BD402A1DE84D009FD61C /* FirebaseAnalytics in Frameworks */ = {isa = PBXBuildFile; productRef = DAD5BD3F2A1DE84D009FD61C /* FirebaseAnalytics */; };
		DAD5BD422A1DE84D009FD61C /* FirebaseAnalyticsSwift in Frameworks */ = {isa = PBXBuildFile; productRef = DAD5BD412A1DE84D009FD61C /* FirebaseAnalyticsSwift */; };
		DAD5BD452A1DEE63009FD61C /* FirebaseAuth in Frameworks */ = {isa = PBXBuildFile; productRef = DAD5BD442A1DEE63009FD61C /* FirebaseAuth */; };
		DAD5BD4A2A1E1A24009FD61C /* LoginViewController.swift in Sources */ = {isa = PBXBuildFile; fileRef = DAD5BD492A1E1A24009FD61C /* LoginViewController.swift */; };
		DAD5BD4E2A1E20EA009FD61C /* SignUpViewController.swift in Sources */ = {isa = PBXBuildFile; fileRef = DAD5BD4D2A1E20EA009FD61C /* SignUpViewController.swift */; };
		DAD5BD502A1E2197009FD61C /* AuthenticationManager.swift in Sources */ = {isa = PBXBuildFile; fileRef = DAD5BD4F2A1E2197009FD61C /* AuthenticationManager.swift */; };
		DAD5BD522A1E2FDA009FD61C /* RootViewContoller.swift in Sources */ = {isa = PBXBuildFile; fileRef = DAD5BD512A1E2FDA009FD61C /* RootViewContoller.swift */; };
		DAD5BD552A1E4046009FD61C /* NavigationAssistant.swift in Sources */ = {isa = PBXBuildFile; fileRef = DAD5BD542A1E4046009FD61C /* NavigationAssistant.swift */; };
		DAD5BD572A1ED6BE009FD61C /* ErrorHandlingAssistant.swift in Sources */ = {isa = PBXBuildFile; fileRef = DAD5BD562A1ED6BE009FD61C /* ErrorHandlingAssistant.swift */; };
		DAD5BD592A1EDC7B009FD61C /* ValidationAssistant.swift in Sources */ = {isa = PBXBuildFile; fileRef = DAD5BD582A1EDC7B009FD61C /* ValidationAssistant.swift */; };
/* End PBXBuildFile section */

/* Begin PBXFileReference section */
		DA728F082A24B994004166DD /* CalendarViewController.swift */ = {isa = PBXFileReference; fileEncoding = 4; lastKnownFileType = sourcecode.swift; name = CalendarViewController.swift; path = "Fit-Calendar/Calendar/CalendarViewController.swift"; sourceTree = "<group>"; };
		DA728F0D2A24BAA1004166DD /* EKWrapper.swift */ = {isa = PBXFileReference; fileEncoding = 4; lastKnownFileType = sourcecode.swift; name = EKWrapper.swift; path = "Fit-Calendar/Calendar/EKWrapper.swift"; sourceTree = "<group>"; };
		DA8C08362A00C8A700A57953 /* FitnessApp.app */ = {isa = PBXFileReference; explicitFileType = wrapper.application; includeInIndex = 0; path = FitnessApp.app; sourceTree = BUILT_PRODUCTS_DIR; };
		DA8C08392A00C8A700A57953 /* AppDelegate.swift */ = {isa = PBXFileReference; lastKnownFileType = sourcecode.swift; path = AppDelegate.swift; sourceTree = "<group>"; };
		DA8C083B2A00C8A700A57953 /* SceneDelegate.swift */ = {isa = PBXFileReference; lastKnownFileType = sourcecode.swift; path = SceneDelegate.swift; sourceTree = "<group>"; };
		DA8C083D2A00C8A700A57953 /* ViewController.swift */ = {isa = PBXFileReference; lastKnownFileType = sourcecode.swift; path = ViewController.swift; sourceTree = "<group>"; };
		DA8C08402A00C8A700A57953 /* Base */ = {isa = PBXFileReference; lastKnownFileType = file.storyboard; name = Base; path = Base.lproj/Main.storyboard; sourceTree = "<group>"; };
		DA8C08422A00C8A800A57953 /* Assets.xcassets */ = {isa = PBXFileReference; lastKnownFileType = folder.assetcatalog; path = Assets.xcassets; sourceTree = "<group>"; };
		DA8C08472A00C8A800A57953 /* Info.plist */ = {isa = PBXFileReference; lastKnownFileType = text.plist.xml; path = Info.plist; sourceTree = "<group>"; };
		DA9B21B92A1F7A2E0057B09A /* TestViewController.swift */ = {isa = PBXFileReference; lastKnownFileType = sourcecode.swift; path = TestViewController.swift; sourceTree = "<group>"; };
		DAD5BD3C2A1DE78D009FD61C /* GoogleService-Info.plist */ = {isa = PBXFileReference; fileEncoding = 4; lastKnownFileType = text.plist.xml; path = "GoogleService-Info.plist"; sourceTree = "<group>"; };
		DAD5BD492A1E1A24009FD61C /* LoginViewController.swift */ = {isa = PBXFileReference; lastKnownFileType = sourcecode.swift; path = LoginViewController.swift; sourceTree = "<group>"; };
		DAD5BD4D2A1E20EA009FD61C /* SignUpViewController.swift */ = {isa = PBXFileReference; lastKnownFileType = sourcecode.swift; path = SignUpViewController.swift; sourceTree = "<group>"; };
		DAD5BD4F2A1E2197009FD61C /* AuthenticationManager.swift */ = {isa = PBXFileReference; lastKnownFileType = sourcecode.swift; path = AuthenticationManager.swift; sourceTree = "<group>"; };
		DAD5BD512A1E2FDA009FD61C /* RootViewContoller.swift */ = {isa = PBXFileReference; lastKnownFileType = sourcecode.swift; path = RootViewContoller.swift; sourceTree = "<group>"; };
		DAD5BD542A1E4046009FD61C /* NavigationAssistant.swift */ = {isa = PBXFileReference; lastKnownFileType = sourcecode.swift; path = NavigationAssistant.swift; sourceTree = "<group>"; };
		DAD5BD562A1ED6BE009FD61C /* ErrorHandlingAssistant.swift */ = {isa = PBXFileReference; lastKnownFileType = sourcecode.swift; path = ErrorHandlingAssistant.swift; sourceTree = "<group>"; };
		DAD5BD582A1EDC7B009FD61C /* ValidationAssistant.swift */ = {isa = PBXFileReference; lastKnownFileType = sourcecode.swift; path = ValidationAssistant.swift; sourceTree = "<group>"; };
/* End PBXFileReference section */

/* Begin PBXFrameworksBuildPhase section */
		DA8C08332A00C8A700A57953 /* Frameworks */ = {
			isa = PBXFrameworksBuildPhase;
			buildActionMask = 2147483647;
			files = (
				DAD5BD422A1DE84D009FD61C /* FirebaseAnalyticsSwift in Frameworks */,
				DA728F0C2A24BA67004166DD /* CalendarKit in Frameworks */,
				DAD5BD452A1DEE63009FD61C /* FirebaseAuth in Frameworks */,
				DAD5BD402A1DE84D009FD61C /* FirebaseAnalytics in Frameworks */,
			);
			runOnlyForDeploymentPostprocessing = 0;
		};
/* End PBXFrameworksBuildPhase section */

/* Begin PBXGroup section */
		DA8C082D2A00C8A700A57953 = {
			isa = PBXGroup;
			children = (
				DA8C08382A00C8A700A57953 /* FitnessApp */,
				DA8C08372A00C8A700A57953 /* Products */,
				DAD5BD432A1DEE63009FD61C /* Frameworks */,
			);
			sourceTree = "<group>";
		};
		DA8C08372A00C8A700A57953 /* Products */ = {
			isa = PBXGroup;
			children = (
				DA8C08362A00C8A700A57953 /* FitnessApp.app */,
			);
			name = Products;
			sourceTree = "<group>";
		};
		DA8C08382A00C8A700A57953 /* FitnessApp */ = {
			isa = PBXGroup;
			children = (
				DAD5BD532A1E4028009FD61C /* Assistants */,
				DAD5BD462A1E19C6009FD61C /* Authentication */,
				DAD5BD3C2A1DE78D009FD61C /* GoogleService-Info.plist */,
				DA8C08392A00C8A700A57953 /* AppDelegate.swift */,
				DA8C083B2A00C8A700A57953 /* SceneDelegate.swift */,
				DA8C083D2A00C8A700A57953 /* ViewController.swift */,
				DA728F0D2A24BAA1004166DD /* EKWrapper.swift */,
				DA728F082A24B994004166DD /* CalendarViewController.swift */,
				DAD5BD512A1E2FDA009FD61C /* RootViewContoller.swift */,
				DA9B21B92A1F7A2E0057B09A /* TestViewController.swift */,
				DA8C083F2A00C8A700A57953 /* Main.storyboard */,
				DA8C08422A00C8A800A57953 /* Assets.xcassets */,
				DA8C08472A00C8A800A57953 /* Info.plist */,
			);
			path = FitnessApp;
			sourceTree = "<group>";
		};
		DAD5BD432A1DEE63009FD61C /* Frameworks */ = {
			isa = PBXGroup;
			children = (
			);
			name = Frameworks;
			sourceTree = "<group>";
		};
		DAD5BD462A1E19C6009FD61C /* Authentication */ = {
			isa = PBXGroup;
			children = (
				DAD5BD492A1E1A24009FD61C /* LoginViewController.swift */,
				DAD5BD4D2A1E20EA009FD61C /* SignUpViewController.swift */,
				DAD5BD4F2A1E2197009FD61C /* AuthenticationManager.swift */,
			);
			path = Authentication;
			sourceTree = "<group>";
		};
		DAD5BD532A1E4028009FD61C /* Assistants */ = {
			isa = PBXGroup;
			children = (
				DAD5BD542A1E4046009FD61C /* NavigationAssistant.swift */,
				DAD5BD562A1ED6BE009FD61C /* ErrorHandlingAssistant.swift */,
				DAD5BD582A1EDC7B009FD61C /* ValidationAssistant.swift */,
			);
			path = Assistants;
			sourceTree = "<group>";
		};
/* End PBXGroup section */

/* Begin PBXNativeTarget section */
		DA8C08352A00C8A700A57953 /* FitnessApp */ = {
			isa = PBXNativeTarget;
			buildConfigurationList = DA8C084A2A00C8A800A57953 /* Build configuration list for PBXNativeTarget "FitnessApp" */;
			buildPhases = (
				DA8C08322A00C8A700A57953 /* Sources */,
				DA8C08332A00C8A700A57953 /* Frameworks */,
				DA8C08342A00C8A700A57953 /* Resources */,
			);
			buildRules = (
			);
			dependencies = (
			);
			name = FitnessApp;
			packageProductDependencies = (
				DAD5BD3F2A1DE84D009FD61C /* FirebaseAnalytics */,
				DAD5BD412A1DE84D009FD61C /* FirebaseAnalyticsSwift */,
				DAD5BD442A1DEE63009FD61C /* FirebaseAuth */,
				DA728F0B2A24BA67004166DD /* CalendarKit */,
			);
			productName = FitnessApp;
			productReference = DA8C08362A00C8A700A57953 /* FitnessApp.app */;
			productType = "com.apple.product-type.application";
		};
/* End PBXNativeTarget section */

/* Begin PBXProject section */
		DA8C082E2A00C8A700A57953 /* Project object */ = {
			isa = PBXProject;
			attributes = {
				BuildIndependentTargetsInParallel = 1;
				LastSwiftUpdateCheck = 1420;
				LastUpgradeCheck = 1420;
				TargetAttributes = {
					DA8C08352A00C8A700A57953 = {
						CreatedOnToolsVersion = 14.2;
					};
				};
			};
			buildConfigurationList = DA8C08312A00C8A700A57953 /* Build configuration list for PBXProject "FitnessApp" */;
			compatibilityVersion = "Xcode 14.0";
			developmentRegion = en;
			hasScannedForEncodings = 0;
			knownRegions = (
				en,
				Base,
			);
			mainGroup = DA8C082D2A00C8A700A57953;
			packageReferences = (
				DAD5BD3E2A1DE84D009FD61C /* XCRemoteSwiftPackageReference "firebase-ios-sdk" */,
				DA728F0A2A24BA67004166DD /* XCRemoteSwiftPackageReference "CalendarKit" */,
			);
			productRefGroup = DA8C08372A00C8A700A57953 /* Products */;
			projectDirPath = "";
			projectRoot = "";
			targets = (
				DA8C08352A00C8A700A57953 /* FitnessApp */,
			);
		};
/* End PBXProject section */

/* Begin PBXResourcesBuildPhase section */
		DA8C08342A00C8A700A57953 /* Resources */ = {
			isa = PBXResourcesBuildPhase;
			buildActionMask = 2147483647;
			files = (
				DAD5BD3D2A1DE78D009FD61C /* GoogleService-Info.plist in Resources */,
				DA8C08432A00C8A800A57953 /* Assets.xcassets in Resources */,
				DA8C08412A00C8A700A57953 /* Main.storyboard in Resources */,
			);
			runOnlyForDeploymentPostprocessing = 0;
		};
/* End PBXResourcesBuildPhase section */

/* Begin PBXSourcesBuildPhase section */
		DA8C08322A00C8A700A57953 /* Sources */ = {
			isa = PBXSourcesBuildPhase;
			buildActionMask = 2147483647;
			files = (
				DA728F092A24B994004166DD /* CalendarViewController.swift in Sources */,
				DAD5BD4E2A1E20EA009FD61C /* SignUpViewController.swift in Sources */,
				DAD5BD592A1EDC7B009FD61C /* ValidationAssistant.swift in Sources */,
				DA728F0E2A24BAA1004166DD /* EKWrapper.swift in Sources */,
				DA9B21BA2A1F7A2E0057B09A /* TestViewController.swift in Sources */,
				DAD5BD4A2A1E1A24009FD61C /* LoginViewController.swift in Sources */,
				DAD5BD552A1E4046009FD61C /* NavigationAssistant.swift in Sources */,
				DA8C083E2A00C8A700A57953 /* ViewController.swift in Sources */,
				DAD5BD502A1E2197009FD61C /* AuthenticationManager.swift in Sources */,
				DA8C083A2A00C8A700A57953 /* AppDelegate.swift in Sources */,
				DA8C083C2A00C8A700A57953 /* SceneDelegate.swift in Sources */,
				DAD5BD572A1ED6BE009FD61C /* ErrorHandlingAssistant.swift in Sources */,
				DAD5BD522A1E2FDA009FD61C /* RootViewContoller.swift in Sources */,
			);
			runOnlyForDeploymentPostprocessing = 0;
		};
/* End PBXSourcesBuildPhase section */

/* Begin PBXVariantGroup section */
		DA8C083F2A00C8A700A57953 /* Main.storyboard */ = {
			isa = PBXVariantGroup;
			children = (
				DA8C08402A00C8A700A57953 /* Base */,
			);
			name = Main.storyboard;
			sourceTree = "<group>";
		};
/* End PBXVariantGroup section */

/* Begin XCBuildConfiguration section */
		DA8C08482A00C8A800A57953 /* Debug */ = {
			isa = XCBuildConfiguration;
			buildSettings = {
				ALWAYS_SEARCH_USER_PATHS = NO;
				CLANG_ANALYZER_NONNULL = YES;
				CLANG_ANALYZER_NUMBER_OBJECT_CONVERSION = YES_AGGRESSIVE;
				CLANG_CXX_LANGUAGE_STANDARD = "gnu++20";
				CLANG_ENABLE_MODULES = YES;
				CLANG_ENABLE_OBJC_ARC = YES;
				CLANG_ENABLE_OBJC_WEAK = YES;
				CLANG_WARN_BLOCK_CAPTURE_AUTORELEASING = YES;
				CLANG_WARN_BOOL_CONVERSION = YES;
				CLANG_WARN_COMMA = YES;
				CLANG_WARN_CONSTANT_CONVERSION = YES;
				CLANG_WARN_DEPRECATED_OBJC_IMPLEMENTATIONS = YES;
				CLANG_WARN_DIRECT_OBJC_ISA_USAGE = YES_ERROR;
				CLANG_WARN_DOCUMENTATION_COMMENTS = YES;
				CLANG_WARN_EMPTY_BODY = YES;
				CLANG_WARN_ENUM_CONVERSION = YES;
				CLANG_WARN_INFINITE_RECURSION = YES;
				CLANG_WARN_INT_CONVERSION = YES;
				CLANG_WARN_NON_LITERAL_NULL_CONVERSION = YES;
				CLANG_WARN_OBJC_IMPLICIT_RETAIN_SELF = YES;
				CLANG_WARN_OBJC_LITERAL_CONVERSION = YES;
				CLANG_WARN_OBJC_ROOT_CLASS = YES_ERROR;
				CLANG_WARN_QUOTED_INCLUDE_IN_FRAMEWORK_HEADER = YES;
				CLANG_WARN_RANGE_LOOP_ANALYSIS = YES;
				CLANG_WARN_STRICT_PROTOTYPES = YES;
				CLANG_WARN_SUSPICIOUS_MOVE = YES;
				CLANG_WARN_UNGUARDED_AVAILABILITY = YES_AGGRESSIVE;
				CLANG_WARN_UNREACHABLE_CODE = YES;
				CLANG_WARN__DUPLICATE_METHOD_MATCH = YES;
				COPY_PHASE_STRIP = NO;
				DEBUG_INFORMATION_FORMAT = dwarf;
				ENABLE_STRICT_OBJC_MSGSEND = YES;
				ENABLE_TESTABILITY = YES;
				GCC_C_LANGUAGE_STANDARD = gnu11;
				GCC_DYNAMIC_NO_PIC = NO;
				GCC_NO_COMMON_BLOCKS = YES;
				GCC_OPTIMIZATION_LEVEL = 0;
				GCC_PREPROCESSOR_DEFINITIONS = (
					"DEBUG=1",
					"$(inherited)",
				);
				GCC_WARN_64_TO_32_BIT_CONVERSION = YES;
				GCC_WARN_ABOUT_RETURN_TYPE = YES_ERROR;
				GCC_WARN_UNDECLARED_SELECTOR = YES;
				GCC_WARN_UNINITIALIZED_AUTOS = YES_AGGRESSIVE;
				GCC_WARN_UNUSED_FUNCTION = YES;
				GCC_WARN_UNUSED_VARIABLE = YES;
				IPHONEOS_DEPLOYMENT_TARGET = 16.2;
				MTL_ENABLE_DEBUG_INFO = INCLUDE_SOURCE;
				MTL_FAST_MATH = YES;
				ONLY_ACTIVE_ARCH = YES;
				SDKROOT = iphoneos;
				SWIFT_ACTIVE_COMPILATION_CONDITIONS = DEBUG;
				SWIFT_OPTIMIZATION_LEVEL = "-Onone";
			};
			name = Debug;
		};
		DA8C08492A00C8A800A57953 /* Release */ = {
			isa = XCBuildConfiguration;
			buildSettings = {
				ALWAYS_SEARCH_USER_PATHS = NO;
				CLANG_ANALYZER_NONNULL = YES;
				CLANG_ANALYZER_NUMBER_OBJECT_CONVERSION = YES_AGGRESSIVE;
				CLANG_CXX_LANGUAGE_STANDARD = "gnu++20";
				CLANG_ENABLE_MODULES = YES;
				CLANG_ENABLE_OBJC_ARC = YES;
				CLANG_ENABLE_OBJC_WEAK = YES;
				CLANG_WARN_BLOCK_CAPTURE_AUTORELEASING = YES;
				CLANG_WARN_BOOL_CONVERSION = YES;
				CLANG_WARN_COMMA = YES;
				CLANG_WARN_CONSTANT_CONVERSION = YES;
				CLANG_WARN_DEPRECATED_OBJC_IMPLEMENTATIONS = YES;
				CLANG_WARN_DIRECT_OBJC_ISA_USAGE = YES_ERROR;
				CLANG_WARN_DOCUMENTATION_COMMENTS = YES;
				CLANG_WARN_EMPTY_BODY = YES;
				CLANG_WARN_ENUM_CONVERSION = YES;
				CLANG_WARN_INFINITE_RECURSION = YES;
				CLANG_WARN_INT_CONVERSION = YES;
				CLANG_WARN_NON_LITERAL_NULL_CONVERSION = YES;
				CLANG_WARN_OBJC_IMPLICIT_RETAIN_SELF = YES;
				CLANG_WARN_OBJC_LITERAL_CONVERSION = YES;
				CLANG_WARN_OBJC_ROOT_CLASS = YES_ERROR;
				CLANG_WARN_QUOTED_INCLUDE_IN_FRAMEWORK_HEADER = YES;
				CLANG_WARN_RANGE_LOOP_ANALYSIS = YES;
				CLANG_WARN_STRICT_PROTOTYPES = YES;
				CLANG_WARN_SUSPICIOUS_MOVE = YES;
				CLANG_WARN_UNGUARDED_AVAILABILITY = YES_AGGRESSIVE;
				CLANG_WARN_UNREACHABLE_CODE = YES;
				CLANG_WARN__DUPLICATE_METHOD_MATCH = YES;
				COPY_PHASE_STRIP = NO;
				DEBUG_INFORMATION_FORMAT = "dwarf-with-dsym";
				ENABLE_NS_ASSERTIONS = NO;
				ENABLE_STRICT_OBJC_MSGSEND = YES;
				GCC_C_LANGUAGE_STANDARD = gnu11;
				GCC_NO_COMMON_BLOCKS = YES;
				GCC_WARN_64_TO_32_BIT_CONVERSION = YES;
				GCC_WARN_ABOUT_RETURN_TYPE = YES_ERROR;
				GCC_WARN_UNDECLARED_SELECTOR = YES;
				GCC_WARN_UNINITIALIZED_AUTOS = YES_AGGRESSIVE;
				GCC_WARN_UNUSED_FUNCTION = YES;
				GCC_WARN_UNUSED_VARIABLE = YES;
				IPHONEOS_DEPLOYMENT_TARGET = 16.2;
				MTL_ENABLE_DEBUG_INFO = NO;
				MTL_FAST_MATH = YES;
				SDKROOT = iphoneos;
				SWIFT_COMPILATION_MODE = wholemodule;
				SWIFT_OPTIMIZATION_LEVEL = "-O";
				VALIDATE_PRODUCT = YES;
			};
			name = Release;
		};
		DA8C084B2A00C8A800A57953 /* Debug */ = {
			isa = XCBuildConfiguration;
			buildSettings = {
				ASSETCATALOG_COMPILER_APPICON_NAME = AppIcon;
				ASSETCATALOG_COMPILER_GLOBAL_ACCENT_COLOR_NAME = AccentColor;
				CODE_SIGN_STYLE = Automatic;
				CURRENT_PROJECT_VERSION = 1;
				GENERATE_INFOPLIST_FILE = YES;
				INFOPLIST_FILE = FitnessApp/Info.plist;
				INFOPLIST_KEY_UIApplicationSupportsIndirectInputEvents = YES;
				INFOPLIST_KEY_UILaunchStoryboardName = LaunchScreen;
				INFOPLIST_KEY_UIMainStoryboardFile = Main;
				INFOPLIST_KEY_UISupportedInterfaceOrientations_iPad = "UIInterfaceOrientationPortrait UIInterfaceOrientationPortraitUpsideDown UIInterfaceOrientationLandscapeLeft UIInterfaceOrientationLandscapeRight";
				INFOPLIST_KEY_UISupportedInterfaceOrientations_iPhone = "UIInterfaceOrientationPortrait UIInterfaceOrientationLandscapeLeft UIInterfaceOrientationLandscapeRight";
				IPHONEOS_DEPLOYMENT_TARGET = 16.2;
				LD_RUNPATH_SEARCH_PATHS = (
					"$(inherited)",
					"@executable_path/Frameworks",
				);
				MARKETING_VERSION = 1.0;
				PRODUCT_BUNDLE_IDENTIFIER = uts.student.FitnessApp;
				PRODUCT_NAME = "$(TARGET_NAME)";
				SUPPORTED_PLATFORMS = "iphoneos iphonesimulator";
				SUPPORTS_MACCATALYST = NO;
				SUPPORTS_MAC_DESIGNED_FOR_IPHONE_IPAD = NO;
				SWIFT_EMIT_LOC_STRINGS = YES;
				SWIFT_VERSION = 5.0;
				TARGETED_DEVICE_FAMILY = "1,2";
			};
			name = Debug;
		};
		DA8C084C2A00C8A800A57953 /* Release */ = {
			isa = XCBuildConfiguration;
			buildSettings = {
				ASSETCATALOG_COMPILER_APPICON_NAME = AppIcon;
				ASSETCATALOG_COMPILER_GLOBAL_ACCENT_COLOR_NAME = AccentColor;
				CODE_SIGN_STYLE = Automatic;
				CURRENT_PROJECT_VERSION = 1;
				GENERATE_INFOPLIST_FILE = YES;
				INFOPLIST_FILE = FitnessApp/Info.plist;
				INFOPLIST_KEY_UIApplicationSupportsIndirectInputEvents = YES;
				INFOPLIST_KEY_UILaunchStoryboardName = LaunchScreen;
				INFOPLIST_KEY_UIMainStoryboardFile = Main;
				INFOPLIST_KEY_UISupportedInterfaceOrientations_iPad = "UIInterfaceOrientationPortrait UIInterfaceOrientationPortraitUpsideDown UIInterfaceOrientationLandscapeLeft UIInterfaceOrientationLandscapeRight";
				INFOPLIST_KEY_UISupportedInterfaceOrientations_iPhone = "UIInterfaceOrientationPortrait UIInterfaceOrientationLandscapeLeft UIInterfaceOrientationLandscapeRight";
				IPHONEOS_DEPLOYMENT_TARGET = 16.2;
				LD_RUNPATH_SEARCH_PATHS = (
					"$(inherited)",
					"@executable_path/Frameworks",
				);
				MARKETING_VERSION = 1.0;
				PRODUCT_BUNDLE_IDENTIFIER = uts.student.FitnessApp;
				PRODUCT_NAME = "$(TARGET_NAME)";
				SUPPORTED_PLATFORMS = "iphoneos iphonesimulator";
				SUPPORTS_MACCATALYST = NO;
				SUPPORTS_MAC_DESIGNED_FOR_IPHONE_IPAD = NO;
				SWIFT_EMIT_LOC_STRINGS = YES;
				SWIFT_VERSION = 5.0;
				TARGETED_DEVICE_FAMILY = "1,2";
			};
			name = Release;
		};
/* End XCBuildConfiguration section */

/* Begin XCConfigurationList section */
		DA8C08312A00C8A700A57953 /* Build configuration list for PBXProject "FitnessApp" */ = {
			isa = XCConfigurationList;
			buildConfigurations = (
				DA8C08482A00C8A800A57953 /* Debug */,
				DA8C08492A00C8A800A57953 /* Release */,
			);
			defaultConfigurationIsVisible = 0;
			defaultConfigurationName = Release;
		};
		DA8C084A2A00C8A800A57953 /* Build configuration list for PBXNativeTarget "FitnessApp" */ = {
			isa = XCConfigurationList;
			buildConfigurations = (
				DA8C084B2A00C8A800A57953 /* Debug */,
				DA8C084C2A00C8A800A57953 /* Release */,
			);
			defaultConfigurationIsVisible = 0;
			defaultConfigurationName = Release;
		};
/* End XCConfigurationList section */

/* Begin XCRemoteSwiftPackageReference section */
		DA728F0A2A24BA67004166DD /* XCRemoteSwiftPackageReference "CalendarKit" */ = {
			isa = XCRemoteSwiftPackageReference;
			repositoryURL = "https://github.com/richardtop/CalendarKit.git";
			requirement = {
				kind = exactVersion;
				version = 1.1.7;
			};
		};
		DAD5BD3E2A1DE84D009FD61C /* XCRemoteSwiftPackageReference "firebase-ios-sdk" */ = {
			isa = XCRemoteSwiftPackageReference;
			repositoryURL = "https://github.com/firebase/firebase-ios-sdk";
			requirement = {
				kind = exactVersion;
				version = 10.10.0;
			};
		};
/* End XCRemoteSwiftPackageReference section */

/* Begin XCSwiftPackageProductDependency section */
		DA728F0B2A24BA67004166DD /* CalendarKit */ = {
			isa = XCSwiftPackageProductDependency;
			package = DA728F0A2A24BA67004166DD /* XCRemoteSwiftPackageReference "CalendarKit" */;
			productName = CalendarKit;
		};
		DAD5BD3F2A1DE84D009FD61C /* FirebaseAnalytics */ = {
			isa = XCSwiftPackageProductDependency;
			package = DAD5BD3E2A1DE84D009FD61C /* XCRemoteSwiftPackageReference "firebase-ios-sdk" */;
			productName = FirebaseAnalytics;
		};
		DAD5BD412A1DE84D009FD61C /* FirebaseAnalyticsSwift */ = {
			isa = XCSwiftPackageProductDependency;
			package = DAD5BD3E2A1DE84D009FD61C /* XCRemoteSwiftPackageReference "firebase-ios-sdk" */;
			productName = FirebaseAnalyticsSwift;
		};
		DAD5BD442A1DEE63009FD61C /* FirebaseAuth */ = {
			isa = XCSwiftPackageProductDependency;
			package = DAD5BD3E2A1DE84D009FD61C /* XCRemoteSwiftPackageReference "firebase-ios-sdk" */;
			productName = FirebaseAuth;
		};
/* End XCSwiftPackageProductDependency section */
	};
	rootObject = DA8C082E2A00C8A700A57953 /* Project object */;
}
